{
  "name": "node_1_olitera",
  "version": "1.0.0",
  "lockfileVersion": 3,
  "requires": true,
  "packages": {
    "": {
      "name": "node_1_olitera",
      "version": "1.0.0",
      "dependencies": {
        "node_1_pack_olitera": "^1.0.0"
      }
    },
    "node_modules/node_1_pack_olitera": {
      "version": "1.0.0",
      "resolved": "https://registry.npmjs.org/node_1_pack_olitera/-/node_1_pack_olitera-1.0.0.tgz",
      "integrity": "sha512-3Kk4s9O3MbpI81N7fSVBS+/4E0qjpmreqK29UXL1YpBVsmGzyBcm2tmoM8kNbRWlYgua2BHB+qJJajWwoTzP5A=="
    }
  }
}
